
Microsoft Visual Studio Solution File, Format Version 12.00
# Visual Studio 15
VisualStudioVersion = 15.0.28307.271
MinimumVisualStudioVersion = 10.0.40219.1
Project("{FAE04EC0-301F-11D3-BF4B-00C04F79EFBC}") = "FactoryMethod", "FactoryMethod\FactoryMethod.csproj", "{F172BF85-F8D8-4C32-A6FD-6EAB05D6ECA2}"
EndProject
Global
	GlobalSection(SolutionConfigurationPlatforms) = preSolution
		Debug|Any CPU = Debug|Any CPU
		Release|Any CPU = Release|Any CPU
	EndGlobalSection
	GlobalSection(ProjectConfigurationPlatforms) = postSolution
		{F172BF85-F8D8-4C32-A6FD-6EAB05D6ECA2}.Debug|Any CPU.ActiveCfg = Debug|Any CPU
		{F172BF85-F8D8-4C32-A6FD-6EAB05D6ECA2}.Debug|Any CPU.Build.0 = Debug|Any CPU
		{F172BF85-F8D8-4C32-A6FD-6EAB05D6ECA2}.Release|Any CPU.ActiveCfg = Release|Any CPU
		{F172BF85-F8D8-4C32-A6FD-6EAB05D6ECA2}.Release|Any CPU.Build.0 = Release|Any CPU
	EndGlobalSection
	GlobalSection(SolutionProperties) = preSolution
		HideSolutionNode = FALSE
	EndGlobalSection
	GlobalSection(ExtensibilityGlobals) = postSolution
		SolutionGuid = {F03C8EAA-871A-4276-B14B-1E219351B8AC}
	EndGlobalSection
EndGlobal
